
Microsoft Visual Studio Solution File, Format Version 12.00
# Visual Studio Version 16
VisualStudioVersion = 16.0.32002.261
MinimumVisualStudioVersion = 10.0.40219.1
Project("{FAE04EC0-301F-11D3-BF4B-00C04F79EFBC}") = "vehiclepositions", "vehiclepositions\vehiclepositions.csproj", "{6AE2561D-859E-4573-9D2D-D1F064F228DA}"
EndProject
Global
	GlobalSection(SolutionConfigurationPlatforms) = preSolution
		Debug|Any CPU = Debug|Any CPU
		Release|Any CPU = Release|Any CPU
	EndGlobalSection
	GlobalSection(ProjectConfigurationPlatforms) = postSolution
		{6AE2561D-859E-4573-9D2D-D1F064F228DA}.Debug|Any CPU.ActiveCfg = Debug|Any CPU
		{6AE2561D-859E-4573-9D2D-D1F064F228DA}.Debug|Any CPU.Build.0 = Debug|Any CPU
		{6AE2561D-859E-4573-9D2D-D1F064F228DA}.Release|Any CPU.ActiveCfg = Release|Any CPU
		{6AE2561D-859E-4573-9D2D-D1F064F228DA}.Release|Any CPU.Build.0 = Release|Any CPU
	EndGlobalSection
	GlobalSection(SolutionProperties) = preSolution
		HideSolutionNode = FALSE
	EndGlobalSection
	GlobalSection(ExtensibilityGlobals) = postSolution
		SolutionGuid = {E353273B-B35A-4B6D-B6CD-E5ADE9EF352B}
	EndGlobalSection
EndGlobal
